# generated by rye
# use `rye lock` or `rye sync` to update this lockfile
#
# last locked with the following flags:
#   pre: false
#   features: []
#   all-features: false
#   with-sources: false

-e file:.
accessible-pygments==0.0.4
    # via pydata-sphinx-theme
alabaster==0.7.16
    # via sphinx
appnope==0.1.4
    # via ipykernel
asttokens==2.4.1
    # via stack-data
attrs==23.2.0
    # via jsonschema
    # via jupyter-cache
    # via referencing
autopep8==2.1.0
    # via nbqa
babel==2.14.0
    # via pydata-sphinx-theme
    # via sphinx
beautifulsoup4==4.12.3
    # via pydata-sphinx-theme
certifi==2024.2.2
    # via requests
charset-normalizer==3.3.2
    # via requests
click==8.1.7
    # via jupyter-book
    # via jupyter-cache
    # via sphinx-external-toc
colorlover==0.3.0
    # via cufflinks
comm==0.2.2
    # via ipykernel
    # via ipywidgets
contourpy==1.2.1
    # via matplotlib
cufflinks==0.17.3
    # via prpy
cycler==0.12.1
    # via matplotlib
cython==3.0.10
    # via prpy
debugpy==1.8.1
    # via ipykernel
decorator==5.1.1
    # via ipython
docutils==0.20.1
    # via myst-parser
    # via pybtex-docutils
    # via pydata-sphinx-theme
    # via sphinx
    # via sphinx-proof
    # via sphinx-togglebutton
    # via sphinxcontrib-bibtex
executing==2.0.1
    # via stack-data
fastjsonschema==2.19.1
    # via nbformat
ffmpeg-python==0.2.0
    # via prpy
filelock==3.13.4
    # via torch
fonttools==4.51.0
    # via matplotlib
fsspec==2024.3.1
    # via torch
future==1.0.0
    # via ffmpeg-python
ghp-import==2.1.0
    # via prpy
idna==3.7
    # via requests
imagesize==1.4.1
    # via sphinx
importlib-metadata==7.1.0
    # via jupyter-cache
    # via myst-nb
ipykernel==6.29.4
    # via myst-nb
    # via prpy
ipython==8.23.0
    # via cufflinks
    # via ipykernel
    # via ipywidgets
    # via myst-nb
    # via nbqa
ipywidgets==8.1.2
    # via cufflinks
janome==0.5.0
    # via prpy
jedi==0.19.1
    # via ipython
jinja2==3.1.3
    # via jupyter-book
    # via myst-parser
    # via sphinx
    # via torch
joblib==1.4.0
    # via pynndescent
    # via scikit-learn
jsonschema==4.21.1
    # via jupyter-book
    # via nbformat
jsonschema-specifications==2023.12.1
    # via jsonschema
jupyter-book==1.0.0
    # via prpy
jupyter-cache==1.0.0
    # via myst-nb
jupyter-client==8.6.1
    # via ipykernel
    # via nbclient
jupyter-core==5.7.2
    # via ipykernel
    # via jupyter-client
    # via nbclient
    # via nbformat
jupyterlab-widgets==3.0.10
    # via ipywidgets
jupytext==1.16.1
    # via prpy
kiwisolver==1.4.5
    # via matplotlib
latexcodec==3.0.0
    # via pybtex
linkify-it-py==2.0.3
    # via jupyter-book
llvmlite==0.42.0
    # via numba
    # via pynndescent
markdown-it-py==3.0.0
    # via jupytext
    # via mdit-py-plugins
    # via myst-parser
markupsafe==2.1.5
    # via jinja2
matplotlib==3.8.4
    # via matplotlib-fontja
    # via prpy
    # via seaborn
matplotlib-fontja==1.0.0
    # via prpy
matplotlib-inline==0.1.7
    # via ipykernel
    # via ipython
mdit-py-plugins==0.4.0
    # via jupytext
    # via myst-parser
mdurl==0.1.2
    # via markdown-it-py
mpmath==1.3.0
    # via sympy
myst-nb==1.1.0
    # via jupyter-book
myst-parser==2.0.0
    # via jupyter-book
    # via myst-nb
nbclient==0.10.0
    # via jupyter-cache
    # via myst-nb
nbformat==5.10.4
    # via jupyter-cache
    # via jupytext
    # via myst-nb
    # via nbclient
nbqa==1.8.5
    # via prpy
nest-asyncio==1.6.0
    # via ipykernel
networkx==3.3
    # via torch
numba==0.59.1
    # via pynndescent
    # via umap-learn
numpy==1.26.4
    # via contourpy
    # via cufflinks
    # via matplotlib
    # via numba
    # via opencv-python
    # via palmerpenguins
    # via pandas
    # via patsy
    # via prpy
    # via scikit-learn
    # via scipy
    # via seaborn
    # via skorch
    # via statsmodels
    # via torchvision
    # via umap-learn
opencv-python==4.9.0.80
    # via prpy
packaging==24.0
    # via ipykernel
    # via jupytext
    # via matplotlib
    # via plotly
    # via pydata-sphinx-theme
    # via sphinx
    # via sphinx-jupyterbook-latex
    # via statsmodels
palmerpenguins==0.1.4
    # via prpy
pandas==2.2.2
    # via cufflinks
    # via palmerpenguins
    # via prpy
    # via seaborn
    # via statsmodels
parso==0.8.4
    # via jedi
patsy==0.5.6
    # via statsmodels
pexpect==4.9.0
    # via ipython
pillow==10.3.0
    # via matplotlib
    # via prpy
    # via torchvision
platformdirs==4.2.0
    # via jupyter-core
plotly==5.21.0
    # via cufflinks
    # via prpy
prompt-toolkit==3.0.43
    # via ipython
psutil==5.9.8
    # via ipykernel
ptyprocess==0.7.0
    # via pexpect
pure-eval==0.2.2
    # via stack-data
pybtex==0.24.0
    # via pybtex-docutils
    # via sphinxcontrib-bibtex
pybtex-docutils==1.0.3
    # via sphinxcontrib-bibtex
pycodestyle==2.11.1
    # via autopep8
pydata-sphinx-theme==0.15.2
    # via sphinx-book-theme
pygments==2.17.2
    # via accessible-pygments
    # via ipython
    # via pydata-sphinx-theme
    # via sphinx
pynndescent==0.5.12
    # via umap-learn
pyparsing==3.1.2
    # via matplotlib
python-dateutil==2.9.0.post0
    # via ghp-import
    # via jupyter-client
    # via matplotlib
    # via pandas
pytz==2024.1
    # via pandas
pyyaml==6.0.1
    # via jupyter-book
    # via jupyter-cache
    # via jupytext
    # via myst-nb
    # via myst-parser
    # via pybtex
    # via sphinx-external-toc
pyzmq==26.0.2
    # via ipykernel
    # via jupyter-client
referencing==0.34.0
    # via jsonschema
    # via jsonschema-specifications
requests==2.31.0
    # via sphinx
rpds-py==0.18.0
    # via jsonschema
    # via referencing
scikit-learn==1.4.2
    # via prpy
    # via pynndescent
    # via skorch
    # via umap-learn
scipy==1.13.0
    # via prpy
    # via pynndescent
    # via scikit-learn
    # via skorch
    # via statsmodels
    # via umap-learn
seaborn==0.13.2
    # via prpy
six==1.16.0
    # via asttokens
    # via cufflinks
    # via patsy
    # via pybtex
    # via python-dateutil
skorch==0.15.0
    # via prpy
snowballstemmer==2.2.0
    # via sphinx
soupsieve==2.5
    # via beautifulsoup4
sphinx==7.3.7
    # via jupyter-book
    # via myst-nb
    # via myst-parser
    # via pydata-sphinx-theme
    # via sphinx-book-theme
    # via sphinx-comments
    # via sphinx-copybutton
    # via sphinx-design
    # via sphinx-external-toc
    # via sphinx-jupyterbook-latex
    # via sphinx-multitoc-numbering
    # via sphinx-proof
    # via sphinx-thebe
    # via sphinx-togglebutton
    # via sphinxcontrib-bibtex
sphinx-book-theme==1.1.2
    # via jupyter-book
    # via sphinx-proof
sphinx-comments==0.0.3
    # via jupyter-book
sphinx-copybutton==0.5.2
    # via jupyter-book
sphinx-design==0.5.0
    # via jupyter-book
sphinx-external-toc==1.0.1
    # via jupyter-book
sphinx-jupyterbook-latex==1.0.0
    # via jupyter-book
sphinx-multitoc-numbering==0.1.3
    # via jupyter-book
sphinx-proof==0.1.3
    # via prpy
sphinx-thebe==0.3.1
    # via jupyter-book
sphinx-togglebutton==0.3.2
    # via jupyter-book
sphinxcontrib-applehelp==1.0.8
    # via sphinx
sphinxcontrib-bibtex==2.6.2
    # via jupyter-book
sphinxcontrib-devhelp==1.0.6
    # via sphinx
sphinxcontrib-htmlhelp==2.0.5
    # via sphinx
sphinxcontrib-jsmath==1.0.1
    # via sphinx
sphinxcontrib-qthelp==1.0.7
    # via sphinx
sphinxcontrib-serializinghtml==1.1.10
    # via sphinx
sqlalchemy==2.0.29
    # via jupyter-cache
stack-data==0.6.3
    # via ipython
statsmodels==0.14.2
    # via prpy
sympy==1.12
    # via torch
tabulate==0.9.0
    # via jupyter-cache
    # via skorch
tenacity==8.2.3
    # via plotly
threadpoolctl==3.4.0
    # via scikit-learn
tokenize-rt==5.2.0
    # via nbqa
toml==0.10.2
    # via jupytext
tomli==2.0.1
    # via nbqa
torch==2.3.0
    # via prpy
    # via torchvision
torchvision==0.18.0
    # via prpy
tornado==6.4
    # via ipykernel
    # via jupyter-client
tqdm==4.66.2
    # via prpy
    # via skorch
    # via umap-learn
traitlets==5.14.3
    # via comm
    # via ipykernel
    # via ipython
    # via ipywidgets
    # via jupyter-client
    # via jupyter-core
    # via matplotlib-inline
    # via nbclient
    # via nbformat
typing-extensions==4.11.0
    # via ipython
    # via myst-nb
    # via pydata-sphinx-theme
    # via sqlalchemy
    # via torch
tzdata==2024.1
    # via pandas
uc-micro-py==1.0.3
    # via linkify-it-py
umap-learn==0.5.6
    # via prpy
urllib3==2.2.1
    # via requests
wcwidth==0.2.13
    # via prompt-toolkit
wheel==0.43.0
    # via sphinx-togglebutton
widgetsnbextension==4.0.10
    # via ipywidgets
zipp==3.18.1
    # via importlib-metadata
setuptools==69.5.1
    # via cufflinks
    # via sphinx-togglebutton
